
Microsoft Visual Studio Solution File, Format Version 12.00
# Visual Studio Version 16
VisualStudioVersion = 16.0.30804.86
MinimumVisualStudioVersion = 10.0.40219.1
Project("{9A19103F-16F7-4668-BE54-9A1E7A4F7556}") = "UnitTest_Sample", "UnitTest_Sample\UnitTest_Sample.csproj", "{59EE7214-8F11-4A51-A69E-A3C71A600D65}"
EndProject
Project("{FAE04EC0-301F-11D3-BF4B-00C04F79EFBC}") = "UnitTest_Sample.UnitTest", "UnitTest_Sample.UnitTest\UnitTest_Sample.UnitTest.csproj", "{859CD21A-E223-4989-871A-CB27EACBDC0A}"
EndProject
Global
	GlobalSection(SolutionConfigurationPlatforms) = preSolution
		Debug|Any CPU = Debug|Any CPU
		Release|Any CPU = Release|Any CPU
	EndGlobalSection
	GlobalSection(ProjectConfigurationPlatforms) = postSolution
		{59EE7214-8F11-4A51-A69E-A3C71A600D65}.Debug|Any CPU.ActiveCfg = Debug|Any CPU
		{59EE7214-8F11-4A51-A69E-A3C71A600D65}.Debug|Any CPU.Build.0 = Debug|Any CPU
		{59EE7214-8F11-4A51-A69E-A3C71A600D65}.Release|Any CPU.ActiveCfg = Release|Any CPU
		{59EE7214-8F11-4A51-A69E-A3C71A600D65}.Release|Any CPU.Build.0 = Release|Any CPU
		{859CD21A-E223-4989-871A-CB27EACBDC0A}.Debug|Any CPU.ActiveCfg = Debug|Any CPU
		{859CD21A-E223-4989-871A-CB27EACBDC0A}.Debug|Any CPU.Build.0 = Debug|Any CPU
		{859CD21A-E223-4989-871A-CB27EACBDC0A}.Release|Any CPU.ActiveCfg = Release|Any CPU
		{859CD21A-E223-4989-871A-CB27EACBDC0A}.Release|Any CPU.Build.0 = Release|Any CPU
	EndGlobalSection
	GlobalSection(SolutionProperties) = preSolution
		HideSolutionNode = FALSE
	EndGlobalSection
	GlobalSection(ExtensibilityGlobals) = postSolution
		SolutionGuid = {9ACE8194-7CD8-43D4-BBB7-C19D5689A642}
	EndGlobalSection
EndGlobal
